
Microsoft Visual Studio Solution File, Format Version 12.00
# Visual Studio Version 17
VisualStudioVersion = 17.2.32505.173
MinimumVisualStudioVersion = 10.0.40219.1
Project("{2150E333-8FDC-42A3-9474-1A3956D46DE8}") = "src", "src", "{6E867E95-2FF5-42C5-8F45-6E09DAB6DFB1}"
EndProject
Project("{FAE04EC0-301F-11D3-BF4B-00C04F79EFBC}") = "Library", "src\Library\Library.csproj", "{A260144F-E14C-4FBA-9C2E-A73881FCB25C}"
EndProject
Global
	GlobalSection(SolutionConfigurationPlatforms) = preSolution
		Debug|Any CPU = Debug|Any CPU
		Release|Any CPU = Release|Any CPU
	EndGlobalSection
	GlobalSection(ProjectConfigurationPlatforms) = postSolution
		{A260144F-E14C-4FBA-9C2E-A73881FCB25C}.Debug|Any CPU.ActiveCfg = Debug|Any CPU
		{A260144F-E14C-4FBA-9C2E-A73881FCB25C}.Debug|Any CPU.Build.0 = Debug|Any CPU
		{A260144F-E14C-4FBA-9C2E-A73881FCB25C}.Release|Any CPU.ActiveCfg = Release|Any CPU
		{A260144F-E14C-4FBA-9C2E-A73881FCB25C}.Release|Any CPU.Build.0 = Release|Any CPU
	EndGlobalSection
	GlobalSection(SolutionProperties) = preSolution
		HideSolutionNode = FALSE
	EndGlobalSection
	GlobalSection(NestedProjects) = preSolution
		{A260144F-E14C-4FBA-9C2E-A73881FCB25C} = {6E867E95-2FF5-42C5-8F45-6E09DAB6DFB1}
	EndGlobalSection
	GlobalSection(ExtensibilityGlobals) = postSolution
		SolutionGuid = {254AD6FC-5A80-4DA4-B4C3-A667C0D4F1E2}
	EndGlobalSection
EndGlobal
